PODS:
  - KLCPopup (1.2)

DEPENDENCIES:
  - KLCPopup (from `https://github.com/flatcircle/KLCPopup.git`)

EXTERNAL SOURCES:
  KLCPopup:
    :git: https://github.com/flatcircle/KLCPopup.git

CHECKOUT OPTIONS:
  KLCPopup:
    :commit: 8487679da66888bae1fdab9eeedcb4912660dfae
    :git: https://github.com/flatcircle/KLCPopup.git

SPEC CHECKSUMS:
  KLCPopup: 72054f96d1a597dfeb10c2a1f126c0adc346f601

PODFILE CHECKSUM: 8c45788ccd4326dc7cda70483d190b0d4561f622

COCOAPODS: 1.7.3
